
Microsoft Visual Studio Solution File, Format Version 12.00
# Visual Studio 15
VisualStudioVersion = 15.0.27130.2027
MinimumVisualStudioVersion = 10.0.40219.1
Project("{8BC9CEB8-8B4A-11D0-8D11-00A0C91BC942}") = "Transparencia", "Transparencia\Transparencia.vcxproj", "{567739BF-598E-4882-814B-474BAA444DFA}"
EndProject
Project("{8BC9CEB8-8B4A-11D0-8D11-00A0C91BC942}") = "ForwardPlus", "ForwardPlus-0.1\ForwardPlus-0.1.vcxproj", "{B12C4B60-ED57-4D4F-B2B8-B92A0F883340}"
EndProject
Project("{8BC9CEB8-8B4A-11D0-8D11-00A0C91BC942}") = "NormalMaps", "NormalMaps\NormalMaps.vcxproj", "{0228A131-C941-4CB1-943B-67A87E025811}"
EndProject
Project("{8BC9CEB8-8B4A-11D0-8D11-00A0C91BC942}") = "ForwardPlus-0.2", "ForwardPlus-0.2\ForwardPlus-0.2.vcxproj", "{1FA5ED51-AFC3-4FCF-93C6-9C3E8D5CC3D4}"
EndProject
Project("{8BC9CEB8-8B4A-11D0-8D11-00A0C91BC942}") = "ForwardPlus.old", "ForwardPlus-old\ForwardPlus.vcxproj", "{4DC3485C-5A58-4E6C-BCB5-4BE89B33AC32}"
EndProject
Project("{8BC9CEB8-8B4A-11D0-8D11-00A0C91BC942}") = "ForwardPlus-beta", "ForwardPlus-beta\ForwardPlus-beta.vcxproj", "{C185578A-10BD-453D-8DEB-9DD1B2A56C05}"
EndProject
Global
	GlobalSection(SolutionConfigurationPlatforms) = preSolution
		Debug|x64 = Debug|x64
		Debug|x86 = Debug|x86
		Release|x64 = Release|x64
		Release|x86 = Release|x86
	EndGlobalSection
	GlobalSection(ProjectConfigurationPlatforms) = postSolution
		{567739BF-598E-4882-814B-474BAA444DFA}.Debug|x64.ActiveCfg = Debug|Win32
		{567739BF-598E-4882-814B-474BAA444DFA}.Debug|x64.Build.0 = Debug|Win32
		{567739BF-598E-4882-814B-474BAA444DFA}.Debug|x86.ActiveCfg = Debug|Win32
		{567739BF-598E-4882-814B-474BAA444DFA}.Debug|x86.Build.0 = Debug|Win32
		{567739BF-598E-4882-814B-474BAA444DFA}.Release|x64.ActiveCfg = Debug|Win32
		{567739BF-598E-4882-814B-474BAA444DFA}.Release|x64.Build.0 = Debug|Win32
		{567739BF-598E-4882-814B-474BAA444DFA}.Release|x86.ActiveCfg = Debug|Win32
		{567739BF-598E-4882-814B-474BAA444DFA}.Release|x86.Build.0 = Debug|Win32
		{B12C4B60-ED57-4D4F-B2B8-B92A0F883340}.Debug|x64.ActiveCfg = Debug|Win32
		{B12C4B60-ED57-4D4F-B2B8-B92A0F883340}.Debug|x64.Build.0 = Debug|Win32
		{B12C4B60-ED57-4D4F-B2B8-B92A0F883340}.Debug|x86.ActiveCfg = Debug|Win32
		{B12C4B60-ED57-4D4F-B2B8-B92A0F883340}.Debug|x86.Build.0 = Debug|Win32
		{B12C4B60-ED57-4D4F-B2B8-B92A0F883340}.Release|x64.ActiveCfg = Debug|Win32
		{B12C4B60-ED57-4D4F-B2B8-B92A0F883340}.Release|x64.Build.0 = Debug|Win32
		{B12C4B60-ED57-4D4F-B2B8-B92A0F883340}.Release|x86.ActiveCfg = Debug|Win32
		{B12C4B60-ED57-4D4F-B2B8-B92A0F883340}.Release|x86.Build.0 = Debug|Win32
		{0228A131-C941-4CB1-943B-67A87E025811}.Debug|x64.ActiveCfg = Debug|Win32
		{0228A131-C941-4CB1-943B-67A87E025811}.Debug|x64.Build.0 = Debug|Win32
		{0228A131-C941-4CB1-943B-67A87E025811}.Debug|x86.ActiveCfg = Debug|Win32
		{0228A131-C941-4CB1-943B-67A87E025811}.Debug|x86.Build.0 = Debug|Win32
		{0228A131-C941-4CB1-943B-67A87E025811}.Release|x64.ActiveCfg = Debug|Win32
		{0228A131-C941-4CB1-943B-67A87E025811}.Release|x64.Build.0 = Debug|Win32
		{0228A131-C941-4CB1-943B-67A87E025811}.Release|x86.ActiveCfg = Debug|Win32
		{0228A131-C941-4CB1-943B-67A87E025811}.Release|x86.Build.0 = Debug|Win32
		{1FA5ED51-AFC3-4FCF-93C6-9C3E8D5CC3D4}.Debug|x64.ActiveCfg = Debug|x64
		{1FA5ED51-AFC3-4FCF-93C6-9C3E8D5CC3D4}.Debug|x64.Build.0 = Debug|x64
		{1FA5ED51-AFC3-4FCF-93C6-9C3E8D5CC3D4}.Debug|x86.ActiveCfg = Debug|Win32
		{1FA5ED51-AFC3-4FCF-93C6-9C3E8D5CC3D4}.Debug|x86.Build.0 = Debug|Win32
		{1FA5ED51-AFC3-4FCF-93C6-9C3E8D5CC3D4}.Release|x64.ActiveCfg = Release|x64
		{1FA5ED51-AFC3-4FCF-93C6-9C3E8D5CC3D4}.Release|x64.Build.0 = Release|x64
		{1FA5ED51-AFC3-4FCF-93C6-9C3E8D5CC3D4}.Release|x86.ActiveCfg = Release|Win32
		{1FA5ED51-AFC3-4FCF-93C6-9C3E8D5CC3D4}.Release|x86.Build.0 = Release|Win32
		{4DC3485C-5A58-4E6C-BCB5-4BE89B33AC32}.Debug|x64.ActiveCfg = Debug|x64
		{4DC3485C-5A58-4E6C-BCB5-4BE89B33AC32}.Debug|x64.Build.0 = Debug|x64
		{4DC3485C-5A58-4E6C-BCB5-4BE89B33AC32}.Debug|x86.ActiveCfg = Debug|Win32
		{4DC3485C-5A58-4E6C-BCB5-4BE89B33AC32}.Debug|x86.Build.0 = Debug|Win32
		{4DC3485C-5A58-4E6C-BCB5-4BE89B33AC32}.Release|x64.ActiveCfg = Release|x64
		{4DC3485C-5A58-4E6C-BCB5-4BE89B33AC32}.Release|x64.Build.0 = Release|x64
		{4DC3485C-5A58-4E6C-BCB5-4BE89B33AC32}.Release|x86.ActiveCfg = Release|Win32
		{4DC3485C-5A58-4E6C-BCB5-4BE89B33AC32}.Release|x86.Build.0 = Release|Win32
		{C185578A-10BD-453D-8DEB-9DD1B2A56C05}.Debug|x64.ActiveCfg = Debug|x64
		{C185578A-10BD-453D-8DEB-9DD1B2A56C05}.Debug|x64.Build.0 = Debug|x64
		{C185578A-10BD-453D-8DEB-9DD1B2A56C05}.Debug|x86.ActiveCfg = Debug|Win32
		{C185578A-10BD-453D-8DEB-9DD1B2A56C05}.Debug|x86.Build.0 = Debug|Win32
		{C185578A-10BD-453D-8DEB-9DD1B2A56C05}.Release|x64.ActiveCfg = Release|x64
		{C185578A-10BD-453D-8DEB-9DD1B2A56C05}.Release|x64.Build.0 = Release|x64
		{C185578A-10BD-453D-8DEB-9DD1B2A56C05}.Release|x86.ActiveCfg = Release|Win32
		{C185578A-10BD-453D-8DEB-9DD1B2A56C05}.Release|x86.Build.0 = Release|Win32
	EndGlobalSection
	GlobalSection(SolutionProperties) = preSolution
		HideSolutionNode = FALSE
	EndGlobalSection
	GlobalSection(ExtensibilityGlobals) = postSolution
		SolutionGuid = {7FB1C851-5867-4F0B-A60D-F2DC258CB66F}
	EndGlobalSection
EndGlobal
